
Microsoft Visual Studio Solution File, Format Version 12.00
# Visual Studio Version 16
VisualStudioVersion = 16.0.30204.135
MinimumVisualStudioVersion = 10.0.40219.1
Project("{9A19103F-16F7-4668-BE54-9A1E7A4F7556}") = "UserManagement.Core", "src\UserManagement.Core\UserManagement.Core.csproj", "{5E227FBB-3707-4A04-83BC-BA912CBE840E}"
EndProject
Project("{9A19103F-16F7-4668-BE54-9A1E7A4F7556}") = "UserManagement.Infrastructure", "src\UserManagement.Infrastructure\UserManagement.Infrastructure.csproj", "{D7476BD1-3807-45BE-8A39-F915DC71F916}"
EndProject
Project("{9A19103F-16F7-4668-BE54-9A1E7A4F7556}") = "UserManagement", "src\UserManagement\UserManagement.csproj", "{B49D463F-656D-4744-A354-422D9C6FED23}"
EndProject
Project("{2150E333-8FDC-42A3-9474-1A3956D46DE8}") = "Docs", "Docs", "{8B9CC1A7-523C-4D2B-99DF-8DF0CCA76313}"
	ProjectSection(SolutionItems) = preProject
		README.md = README.md
	EndProjectSection
EndProject
Project("{9A19103F-16F7-4668-BE54-9A1E7A4F7556}") = "IdentityService.Service", "src\IdentityService.Service\IdentityService.Service.csproj", "{2981C750-8BCC-47DF-B396-A5B019C9B22D}"
EndProject
Project("{9A19103F-16F7-4668-BE54-9A1E7A4F7556}") = "IdentityService", "src\IdentityService\IdentityService.csproj", "{13737685-A1F7-4981-871F-BCE6589B6936}"
EndProject
Global
	GlobalSection(SolutionConfigurationPlatforms) = preSolution
		Debug|Any CPU = Debug|Any CPU
		Release|Any CPU = Release|Any CPU
	EndGlobalSection
	GlobalSection(ProjectConfigurationPlatforms) = postSolution
		{5E227FBB-3707-4A04-83BC-BA912CBE840E}.Debug|Any CPU.ActiveCfg = Debug|Any CPU
		{5E227FBB-3707-4A04-83BC-BA912CBE840E}.Debug|Any CPU.Build.0 = Debug|Any CPU
		{5E227FBB-3707-4A04-83BC-BA912CBE840E}.Release|Any CPU.ActiveCfg = Release|Any CPU
		{5E227FBB-3707-4A04-83BC-BA912CBE840E}.Release|Any CPU.Build.0 = Release|Any CPU
		{D7476BD1-3807-45BE-8A39-F915DC71F916}.Debug|Any CPU.ActiveCfg = Debug|Any CPU
		{D7476BD1-3807-45BE-8A39-F915DC71F916}.Debug|Any CPU.Build.0 = Debug|Any CPU
		{D7476BD1-3807-45BE-8A39-F915DC71F916}.Release|Any CPU.ActiveCfg = Release|Any CPU
		{D7476BD1-3807-45BE-8A39-F915DC71F916}.Release|Any CPU.Build.0 = Release|Any CPU
		{B49D463F-656D-4744-A354-422D9C6FED23}.Debug|Any CPU.ActiveCfg = Debug|Any CPU
		{B49D463F-656D-4744-A354-422D9C6FED23}.Debug|Any CPU.Build.0 = Debug|Any CPU
		{B49D463F-656D-4744-A354-422D9C6FED23}.Release|Any CPU.ActiveCfg = Release|Any CPU
		{B49D463F-656D-4744-A354-422D9C6FED23}.Release|Any CPU.Build.0 = Release|Any CPU
		{2981C750-8BCC-47DF-B396-A5B019C9B22D}.Debug|Any CPU.ActiveCfg = Debug|Any CPU
		{2981C750-8BCC-47DF-B396-A5B019C9B22D}.Debug|Any CPU.Build.0 = Debug|Any CPU
		{2981C750-8BCC-47DF-B396-A5B019C9B22D}.Release|Any CPU.ActiveCfg = Release|Any CPU
		{2981C750-8BCC-47DF-B396-A5B019C9B22D}.Release|Any CPU.Build.0 = Release|Any CPU
		{13737685-A1F7-4981-871F-BCE6589B6936}.Debug|Any CPU.ActiveCfg = Debug|Any CPU
		{13737685-A1F7-4981-871F-BCE6589B6936}.Debug|Any CPU.Build.0 = Debug|Any CPU
		{13737685-A1F7-4981-871F-BCE6589B6936}.Release|Any CPU.ActiveCfg = Release|Any CPU
		{13737685-A1F7-4981-871F-BCE6589B6936}.Release|Any CPU.Build.0 = Release|Any CPU
	EndGlobalSection
	GlobalSection(SolutionProperties) = preSolution
		HideSolutionNode = FALSE
	EndGlobalSection
	GlobalSection(ExtensibilityGlobals) = postSolution
		SolutionGuid = {30460436-B72D-4EFA-9FF4-A5051BA77F9C}
	EndGlobalSection
EndGlobal
