
Microsoft Visual Studio Solution File, Format Version 12.00
# Visual Studio Version 16
VisualStudioVersion = 16.0.29009.5
MinimumVisualStudioVersion = 10.0.40219.1
Project("{9A19103F-16F7-4668-BE54-9A1E7A4F7556}") = "Authentication.Core", "src\Authentication.Core\Authentication.Core.csproj", "{AC3E4C94-AF18-4DBC-9916-58F2340C0FBC}"
EndProject
Project("{9A19103F-16F7-4668-BE54-9A1E7A4F7556}") = "IdentityService", "src\IdentityService\IdentityService.csproj", "{0C6E2B11-A9DA-4F44-96C4-6CCB364A7607}"
EndProject
Project("{9A19103F-16F7-4668-BE54-9A1E7A4F7556}") = "IdentityService.Service", "src\IdentityService.Service\IdentityService.Service.csproj", "{FF53F85F-8409-4E2D-85E7-0959667EE81A}"
EndProject
Project("{9A19103F-16F7-4668-BE54-9A1E7A4F7556}") = "IdentityService.Infrastructure", "src\IdentityService.Infrastructure\IdentityService.Infrastructure.csproj", "{B5958544-832F-4DF8-A663-1E48492CC9C4}"
EndProject
Project("{9A19103F-16F7-4668-BE54-9A1E7A4F7556}") = "Authentication.Infrastructure", "src\Authentication.Infrastructure\Authentication.Infrastructure.csproj", "{B8C9A96B-6FE8-452D-92B9-E7FCD26B163B}"
EndProject
Global
	GlobalSection(SolutionConfigurationPlatforms) = preSolution
		Debug|Any CPU = Debug|Any CPU
		Release|Any CPU = Release|Any CPU
	EndGlobalSection
	GlobalSection(ProjectConfigurationPlatforms) = postSolution
		{AC3E4C94-AF18-4DBC-9916-58F2340C0FBC}.Debug|Any CPU.ActiveCfg = Debug|Any CPU
		{AC3E4C94-AF18-4DBC-9916-58F2340C0FBC}.Debug|Any CPU.Build.0 = Debug|Any CPU
		{AC3E4C94-AF18-4DBC-9916-58F2340C0FBC}.Release|Any CPU.ActiveCfg = Release|Any CPU
		{AC3E4C94-AF18-4DBC-9916-58F2340C0FBC}.Release|Any CPU.Build.0 = Release|Any CPU
		{0C6E2B11-A9DA-4F44-96C4-6CCB364A7607}.Debug|Any CPU.ActiveCfg = Debug|Any CPU
		{0C6E2B11-A9DA-4F44-96C4-6CCB364A7607}.Debug|Any CPU.Build.0 = Debug|Any CPU
		{0C6E2B11-A9DA-4F44-96C4-6CCB364A7607}.Release|Any CPU.ActiveCfg = Release|Any CPU
		{0C6E2B11-A9DA-4F44-96C4-6CCB364A7607}.Release|Any CPU.Build.0 = Release|Any CPU
		{FF53F85F-8409-4E2D-85E7-0959667EE81A}.Debug|Any CPU.ActiveCfg = Debug|Any CPU
		{FF53F85F-8409-4E2D-85E7-0959667EE81A}.Debug|Any CPU.Build.0 = Debug|Any CPU
		{FF53F85F-8409-4E2D-85E7-0959667EE81A}.Release|Any CPU.ActiveCfg = Release|Any CPU
		{FF53F85F-8409-4E2D-85E7-0959667EE81A}.Release|Any CPU.Build.0 = Release|Any CPU
		{B5958544-832F-4DF8-A663-1E48492CC9C4}.Debug|Any CPU.ActiveCfg = Debug|Any CPU
		{B5958544-832F-4DF8-A663-1E48492CC9C4}.Debug|Any CPU.Build.0 = Debug|Any CPU
		{B5958544-832F-4DF8-A663-1E48492CC9C4}.Release|Any CPU.ActiveCfg = Release|Any CPU
		{B5958544-832F-4DF8-A663-1E48492CC9C4}.Release|Any CPU.Build.0 = Release|Any CPU
		{B8C9A96B-6FE8-452D-92B9-E7FCD26B163B}.Debug|Any CPU.ActiveCfg = Debug|Any CPU
		{B8C9A96B-6FE8-452D-92B9-E7FCD26B163B}.Debug|Any CPU.Build.0 = Debug|Any CPU
		{B8C9A96B-6FE8-452D-92B9-E7FCD26B163B}.Release|Any CPU.ActiveCfg = Release|Any CPU
		{B8C9A96B-6FE8-452D-92B9-E7FCD26B163B}.Release|Any CPU.Build.0 = Release|Any CPU
	EndGlobalSection
	GlobalSection(SolutionProperties) = preSolution
		HideSolutionNode = FALSE
	EndGlobalSection
	GlobalSection(ExtensibilityGlobals) = postSolution
		SolutionGuid = {A2326AD8-C1FB-4C41-87CD-AB243D0310B5}
	EndGlobalSection
EndGlobal
